
Microsoft Visual Studio Solution File, Format Version 12.00
# Visual Studio Version 17
VisualStudioVersion = 17.11.35327.3
MinimumVisualStudioVersion = 10.0.40219.1
Project("{FAE04EC0-301F-11D3-BF4B-00C04F79EFBC}") = "GerenciadorDeEmpresaWEB", "GerenciadorDeEmpresaWEB.csproj", "{F93CE881-642F-4AB3-A233-A9BAC6935E41}"
EndProject
Global
	GlobalSection(SolutionConfigurationPlatforms) = preSolution
		Debug|Any CPU = Debug|Any CPU
		Release|Any CPU = Release|Any CPU
	EndGlobalSection
	GlobalSection(ProjectConfigurationPlatforms) = postSolution
		{F93CE881-642F-4AB3-A233-A9BAC6935E41}.Debug|Any CPU.ActiveCfg = Debug|Any CPU
		{F93CE881-642F-4AB3-A233-A9BAC6935E41}.Debug|Any CPU.Build.0 = Debug|Any CPU
		{F93CE881-642F-4AB3-A233-A9BAC6935E41}.Release|Any CPU.ActiveCfg = Release|Any CPU
		{F93CE881-642F-4AB3-A233-A9BAC6935E41}.Release|Any CPU.Build.0 = Release|Any CPU
	EndGlobalSection
	GlobalSection(SolutionProperties) = preSolution
		HideSolutionNode = FALSE
	EndGlobalSection
	GlobalSection(ExtensibilityGlobals) = postSolution
		SolutionGuid = {EF426FFA-0311-45EE-AC4A-B1F9E179A787}
	EndGlobalSection
EndGlobal
